
Microsoft Visual Studio Solution File, Format Version 12.00
# Visual Studio Version 16
VisualStudioVersion = 16.0.32630.194
MinimumVisualStudioVersion = 10.0.40219.1
Project("{9A19103F-16F7-4668-BE54-9A1E7A4F7556}") = "com.tweetapp", "com.tweetapp.csproj", "{DD72D680-3EBD-4945-AE39-742C6BB15406}"
EndProject
Global
	GlobalSection(SolutionConfigurationPlatforms) = preSolution
		Debug|Any CPU = Debug|Any CPU
		Release|Any CPU = Release|Any CPU
	EndGlobalSection
	GlobalSection(ProjectConfigurationPlatforms) = postSolution
		{DD72D680-3EBD-4945-AE39-742C6BB15406}.Debug|Any CPU.ActiveCfg = Debug|Any CPU
		{DD72D680-3EBD-4945-AE39-742C6BB15406}.Debug|Any CPU.Build.0 = Debug|Any CPU
		{DD72D680-3EBD-4945-AE39-742C6BB15406}.Release|Any CPU.ActiveCfg = Release|Any CPU
		{DD72D680-3EBD-4945-AE39-742C6BB15406}.Release|Any CPU.Build.0 = Release|Any CPU
	EndGlobalSection
	GlobalSection(SolutionProperties) = preSolution
		HideSolutionNode = FALSE
	EndGlobalSection
	GlobalSection(ExtensibilityGlobals) = postSolution
		SolutionGuid = {E4D4BC57-A70F-4276-9431-C2D2A6940457}
	EndGlobalSection
EndGlobal
